
Microsoft Visual Studio Solution File, Format Version 12.00
# Visual Studio Version 17
VisualStudioVersion = 17.5.002.0
MinimumVisualStudioVersion = 10.0.40219.1
Project("{2150E333-8FDC-42A3-9474-1A3956D46DE8}") = "src", "src", "{240482B6-A0AC-49B5-BF5F-B0E5E274542D}"
EndProject
Project("{9A19103F-16F7-4668-BE54-9A1E7A4F7556}") = "ChatAppBackend", "src\ChatAppBackend\ChatAppBackend.csproj", "{E5CFC6B3-8E1E-4D14-9969-7DEF9FEDAF39}"
EndProject
Global
	GlobalSection(SolutionConfigurationPlatforms) = preSolution
		Debug|Any CPU = Debug|Any CPU
		Release|Any CPU = Release|Any CPU
	EndGlobalSection
	GlobalSection(ProjectConfigurationPlatforms) = postSolution
		{E5CFC6B3-8E1E-4D14-9969-7DEF9FEDAF39}.Debug|Any CPU.ActiveCfg = Debug|Any CPU
		{E5CFC6B3-8E1E-4D14-9969-7DEF9FEDAF39}.Debug|Any CPU.Build.0 = Debug|Any CPU
		{E5CFC6B3-8E1E-4D14-9969-7DEF9FEDAF39}.Release|Any CPU.ActiveCfg = Release|Any CPU
		{E5CFC6B3-8E1E-4D14-9969-7DEF9FEDAF39}.Release|Any CPU.Build.0 = Release|Any CPU
	EndGlobalSection
	GlobalSection(SolutionProperties) = preSolution
		HideSolutionNode = FALSE
	EndGlobalSection
	GlobalSection(NestedProjects) = preSolution
		{E5CFC6B3-8E1E-4D14-9969-7DEF9FEDAF39} = {240482B6-A0AC-49B5-BF5F-B0E5E274542D}
	EndGlobalSection
	GlobalSection(ExtensibilityGlobals) = postSolution
		SolutionGuid = {AB8A0D3E-15FE-4FE1-A12F-A44CAAD34BAC}
	EndGlobalSection
EndGlobal
